
Microsoft Visual Studio Solution File, Format Version 12.00
# Visual Studio Version 16
VisualStudioVersion = 16.0.30225.117
MinimumVisualStudioVersion = 10.0.40219.1
Project("{FAE04EC0-301F-11D3-BF4B-00C04F79EFBC}") = "ConsoleApp60", "ConsoleApp60\ConsoleApp60.csproj", "{BA308275-3D10-4D56-B1E5-33D9F2D8CF6A}"
EndProject
Global
	GlobalSection(SolutionConfigurationPlatforms) = preSolution
		Debug|Any CPU = Debug|Any CPU
		Release|Any CPU = Release|Any CPU
	EndGlobalSection
	GlobalSection(ProjectConfigurationPlatforms) = postSolution
		{BA308275-3D10-4D56-B1E5-33D9F2D8CF6A}.Debug|Any CPU.ActiveCfg = Debug|Any CPU
		{BA308275-3D10-4D56-B1E5-33D9F2D8CF6A}.Debug|Any CPU.Build.0 = Debug|Any CPU
		{BA308275-3D10-4D56-B1E5-33D9F2D8CF6A}.Release|Any CPU.ActiveCfg = Release|Any CPU
		{BA308275-3D10-4D56-B1E5-33D9F2D8CF6A}.Release|Any CPU.Build.0 = Release|Any CPU
	EndGlobalSection
	GlobalSection(SolutionProperties) = preSolution
		HideSolutionNode = FALSE
	EndGlobalSection
	GlobalSection(ExtensibilityGlobals) = postSolution
		SolutionGuid = {652C081E-44F2-437D-97B1-78DDD3855E79}
	EndGlobalSection
EndGlobal
